
Microsoft Visual Studio Solution File, Format Version 12.00
# Visual Studio 15
VisualStudioVersion = 15.0.28307.1231
MinimumVisualStudioVersion = 10.0.40219.1
Project("{FAE04EC0-301F-11D3-BF4B-00C04F79EFBC}") = "Surikov_Misis_lab2", "Surikov_Misis_lab2\Surikov_Misis_lab2.csproj", "{48F38E36-6B85-4699-BAA1-DBCD87BA8031}"
EndProject
Global
	GlobalSection(SolutionConfigurationPlatforms) = preSolution
		Debug|Any CPU = Debug|Any CPU
		Release|Any CPU = Release|Any CPU
	EndGlobalSection
	GlobalSection(ProjectConfigurationPlatforms) = postSolution
		{48F38E36-6B85-4699-BAA1-DBCD87BA8031}.Debug|Any CPU.ActiveCfg = Debug|Any CPU
		{48F38E36-6B85-4699-BAA1-DBCD87BA8031}.Debug|Any CPU.Build.0 = Debug|Any CPU
		{48F38E36-6B85-4699-BAA1-DBCD87BA8031}.Release|Any CPU.ActiveCfg = Release|Any CPU
		{48F38E36-6B85-4699-BAA1-DBCD87BA8031}.Release|Any CPU.Build.0 = Release|Any CPU
	EndGlobalSection
	GlobalSection(SolutionProperties) = preSolution
		HideSolutionNode = FALSE
	EndGlobalSection
	GlobalSection(ExtensibilityGlobals) = postSolution
		SolutionGuid = {307FECB4-81CB-4E52-85E6-79670A139BF0}
	EndGlobalSection
EndGlobal
